// !$*UTF8*$!
{
	archiveVersion = 1;
	classes = {
	};
	objectVersion = 50;
	objects = {

/* Begin PBXBuildFile section */
		228D181D24AB0ABC002AF486 /* AppDelegate.swift in Sources */ = {isa = PBXBuildFile; fileRef = 228D181C24AB0ABC002AF486 /* AppDelegate.swift */; };
		228D181F24AB0ABC002AF486 /* SceneDelegate.swift in Sources */ = {isa = PBXBuildFile; fileRef = 228D181E24AB0ABC002AF486 /* SceneDelegate.swift */; };
		228D182124AB0ABC002AF486 /* ContentView.swift in Sources */ = {isa = PBXBuildFile; fileRef = 228D182024AB0ABC002AF486 /* ContentView.swift */; };
		228D182324AB0AC2002AF486 /* Assets.xcassets in Resources */ = {isa = PBXBuildFile; fileRef = 228D182224AB0AC2002AF486 /* Assets.xcassets */; };
		228D182624AB0AC2002AF486 /* Preview Assets.xcassets in Resources */ = {isa = PBXBuildFile; fileRef = 228D182524AB0AC2002AF486 /* Preview Assets.xcassets */; };
		228D182924AB0AC2002AF486 /* LaunchScreen.storyboard in Resources */ = {isa = PBXBuildFile; fileRef = 228D182724AB0AC2002AF486 /* LaunchScreen.storyboard */; };
/* End PBXBuildFile section */

/* Begin PBXFileReference section */
		228D181924AB0ABC002AF486 /* SwiftUI5.app */ = {isa = PBXFileReference; explicitFileType = wrapper.application; includeInIndex = 0; path = SwiftUI5.app; sourceTree = BUILT_PRODUCTS_DIR; };
		228D181C24AB0ABC002AF486 /* AppDelegate.swift */ = {isa = PBXFileReference; lastKnownFileType = sourcecode.swift; path = AppDelegate.swift; sourceTree = "<group>"; };
		228D181E24AB0ABC002AF486 /* SceneDelegate.swift */ = {isa = PBXFileReference; lastKnownFileType = sourcecode.swift; path = SceneDelegate.swift; sourceTree = "<group>"; };
		228D182024AB0ABC002AF486 /* ContentView.swift */ = {isa = PBXFileReference; lastKnownFileType = sourcecode.swift; path = ContentView.swift; sourceTree = "<group>"; };
		228D182224AB0AC2002AF486 /* Assets.xcassets */ = {isa = PBXFileReference; lastKnownFileType = folder.assetcatalog; path = Assets.xcassets; sourceTree = "<group>"; };
		228D182524AB0AC2002AF486 /* Preview Assets.xcassets */ = {isa = PBXFileReference; lastKnownFileType = folder.assetcatalog; path = "Preview Assets.xcassets"; sourceTree = "<group>"; };
		228D182824AB0AC2002AF486 /* Base */ = {isa = PBXFileReference; lastKnownFileType = file.storyboard; name = Base; path = Base.lproj/LaunchScreen.storyboard; sourceTree = "<group>"; };
		228D182A24AB0AC2002AF486 /* Info.plist */ = {isa = PBXFileReference; lastKnownFileType = text.plist.xml; path = Info.plist; sourceTree = "<group>"; };
/* End PBXFileReference section */

/* Begin PBXFrameworksBuildPhase section */
		228D181624AB0ABB002AF486 /* Frameworks */ = {
			isa = PBXFrameworksBuildPhase;
			buildActionMask = 2147483647;
			files = (
			);
			runOnlyForDeploymentPostprocessing = 0;
		};
/* End PBXFrameworksBuildPhase section */

/* Begin PBXGroup section */
		228D181024AB0ABB002AF486 = {
			isa = PBXGroup;
			children = (
				228D181B24AB0ABC002AF486 /* SwiftUI5 */,
				228D181A24AB0ABC002AF486 /* Products */,
			);
			sourceTree = "<group>";
		};
		228D181A24AB0ABC002AF486 /* Products */ = {
			isa = PBXGroup;
			children = (
				228D181924AB0ABC002AF486 /* SwiftUI5.app */,
			);
			name = Products;
			sourceTree = "<group>";
		};
		228D181B24AB0ABC002AF486 /* SwiftUI5 */ = {
			isa = PBXGroup;
			children = (
				228D181C24AB0ABC002AF486 /* AppDelegate.swift */,
				228D181E24AB0ABC002AF486 /* SceneDelegate.swift */,
				228D182024AB0ABC002AF486 /* ContentView.swift */,
				228D182224AB0AC2002AF486 /* Assets.xcassets */,
				228D182724AB0AC2002AF486 /* LaunchScreen.storyboard */,
				228D182A24AB0AC2002AF486 /* Info.plist */,
				228D182424AB0AC2002AF486 /* Preview Content */,
			);
			path = SwiftUI5;
			sourceTree = "<group>";
		};
		228D182424AB0AC2002AF486 /* Preview Content */ = {
			isa = PBXGroup;
			children = (
				228D182524AB0AC2002AF486 /* Preview Assets.xcassets */,
			);
			path = "Preview Content";
			sourceTree = "<group>";
		};
/* End PBXGroup section */

/* Begin PBXNativeTarget section */
		228D181824AB0ABB002AF486 /* SwiftUI5 */ = {
			isa = PBXNativeTarget;
			buildConfigurationList = 228D182D24AB0AC2002AF486 /* Build configuration list for PBXNativeTarget "SwiftUI5" */;
			buildPhases = (
				228D181524AB0ABB002AF486 /* Sources */,
				228D181624AB0ABB002AF486 /* Frameworks */,
				228D181724AB0ABB002AF486 /* Resources */,
			);
			buildRules = (
			);
			dependencies = (
			);
			name = SwiftUI5;
			productName = SwiftUI5;
			productReference = 228D181924AB0ABC002AF486 /* SwiftUI5.app */;
			productType = "com.apple.product-type.application";
		};
/* End PBXNativeTarget section */

/* Begin PBXProject section */
		228D181124AB0ABB002AF486 /* Project object */ = {
			isa = PBXProject;
			attributes = {
				LastSwiftUpdateCheck = 1130;
				LastUpgradeCheck = 1130;
				ORGANIZATIONNAME = AccessDenied;
				TargetAttributes = {
					228D181824AB0ABB002AF486 = {
						CreatedOnToolsVersion = 11.3.1;
					};
				};
			};
			buildConfigurationList = 228D181424AB0ABB002AF486 /* Build configuration list for PBXProject "SwiftUI5" */;
			compatibilityVersion = "Xcode 9.3";
			developmentRegion = en;
			hasScannedForEncodings = 0;
			knownRegions = (
				en,
				Base,
			);
			mainGroup = 228D181024AB0ABB002AF486;
			productRefGroup = 228D181A24AB0ABC002AF486 /* Products */;
			projectDirPath = "";
			projectRoot = "";
			targets = (
				228D181824AB0ABB002AF486 /* SwiftUI5 */,
			);
		};
/* End PBXProject section */

/* Begin PBXResourcesBuildPhase section */
		228D181724AB0ABB002AF486 /* Resources */ = {
			isa = PBXResourcesBuildPhase;
			buildActionMask = 2147483647;
			files = (
				228D182924AB0AC2002AF486 /* LaunchScreen.storyboard in Resources */,
				228D182624AB0AC2002AF486 /* Preview Assets.xcassets in Resources */,
				228D182324AB0AC2002AF486 /* Assets.xcassets in Resources */,
			);
			runOnlyForDeploymentPostprocessing = 0;
		};
/* End PBXResourcesBuildPhase section */

/* Begin PBXSourcesBuildPhase section */
		228D181524AB0ABB002AF486 /* Sources */ = {
			isa = PBXSourcesBuildPhase;
			buildActionMask = 2147483647;
			files = (
				228D181D24AB0ABC002AF486 /* AppDelegate.swift in Sources */,
				228D181F24AB0ABC002AF486 /* SceneDelegate.swift in Sources */,
				228D182124AB0ABC002AF486 /* ContentView.swift in Sources */,
			);
			runOnlyForDeploymentPostprocessing = 0;
		};
/* End PBXSourcesBuildPhase section */

/* Begin PBXVariantGroup section */
		228D182724AB0AC2002AF486 /* LaunchScreen.storyboard */ = {
			isa = PBXVariantGroup;
			children = (
				228D182824AB0AC2002AF486 /* Base */,
			);
			name = LaunchScreen.storyboard;
			sourceTree = "<group>";
		};
/* End PBXVariantGroup section */

/* Begin XCBuildConfiguration section */
		228D182B24AB0AC2002AF486 /* Debug */ = {
			isa = XCBuildConfiguration;
			buildSettings = {
				ALWAYS_SEARCH_USER_PATHS = NO;
				CLANG_ANALYZER_NONNULL = YES;
				CLANG_ANALYZER_NUMBER_OBJECT_CONVERSION = YES_AGGRESSIVE;
				CLANG_CXX_LANGUAGE_STANDARD = "gnu++14";
				CLANG_CXX_LIBRARY = "libc++";
				CLANG_ENABLE_MODULES = YES;
				CLANG_ENABLE_OBJC_ARC = YES;
				CLANG_ENABLE_OBJC_WEAK = YES;
				CLANG_WARN_BLOCK_CAPTURE_AUTORELEASING = YES;
				CLANG_WARN_BOOL_CONVERSION = YES;
				CLANG_WARN_COMMA = YES;
				CLANG_WARN_CONSTANT_CONVERSION = YES;
				CLANG_WARN_DEPRECATED_OBJC_IMPLEMENTATIONS = YES;
				CLANG_WARN_DIRECT_OBJC_ISA_USAGE = YES_ERROR;
				CLANG_WARN_DOCUMENTATION_COMMENTS = YES;
				CLANG_WARN_EMPTY_BODY = YES;
				CLANG_WARN_ENUM_CONVERSION = YES;
				CLANG_WARN_INFINITE_RECURSION = YES;
				CLANG_WARN_INT_CONVERSION = YES;
				CLANG_WARN_NON_LITERAL_NULL_CONVERSION = YES;
				CLANG_WARN_OBJC_IMPLICIT_RETAIN_SELF = YES;
				CLANG_WARN_OBJC_LITERAL_CONVERSION = YES;
				CLANG_WARN_OBJC_ROOT_CLASS = YES_ERROR;
				CLANG_WARN_RANGE_LOOP_ANALYSIS = YES;
				CLANG_WARN_STRICT_PROTOTYPES = YES;
				CLANG_WARN_SUSPICIOUS_MOVE = YES;
				CLANG_WARN_UNGUARDED_AVAILABILITY = YES_AGGRESSIVE;
				CLANG_WARN_UNREACHABLE_CODE = YES;
				CLANG_WARN__DUPLICATE_METHOD_MATCH = YES;
				COPY_PHASE_STRIP = NO;
				DEBUG_INFORMATION_FORMAT = dwarf;
				ENABLE_STRICT_OBJC_MSGSEND = YES;
				ENABLE_TESTABILITY = YES;
				GCC_C_LANGUAGE_STANDARD = gnu11;
				GCC_DYNAMIC_NO_PIC = NO;
				GCC_NO_COMMON_BLOCKS = YES;
				GCC_OPTIMIZATION_LEVEL = 0;
				GCC_PREPROCESSOR_DEFINITIONS = (
					"DEBUG=1",
					"$(inherited)",
				);
				GCC_WARN_64_TO_32_BIT_CONVERSION = YES;
				GCC_WARN_ABOUT_RETURN_TYPE = YES_ERROR;
				GCC_WARN_UNDECLARED_SELECTOR = YES;
				GCC_WARN_UNINITIALIZED_AUTOS = YES_AGGRESSIVE;
				GCC_WARN_UNUSED_FUNCTION = YES;
				GCC_WARN_UNUSED_VARIABLE = YES;
				IPHONEOS_DEPLOYMENT_TARGET = 13.2;
				MTL_ENABLE_DEBUG_INFO = INCLUDE_SOURCE;
				MTL_FAST_MATH = YES;
				ONLY_ACTIVE_ARCH = YES;
				SDKROOT = iphoneos;
				SWIFT_ACTIVE_COMPILATION_CONDITIONS = DEBUG;
				SWIFT_OPTIMIZATION_LEVEL = "-Onone";
			};
			name = Debug;
		};
		228D182C24AB0AC2002AF486 /* Release */ = {
			isa = XCBuildConfiguration;
			buildSettings = {
				ALWAYS_SEARCH_USER_PATHS = NO;
				CLANG_ANALYZER_NONNULL = YES;
				CLANG_ANALYZER_NUMBER_OBJECT_CONVERSION = YES_AGGRESSIVE;
				CLANG_CXX_LANGUAGE_STANDARD = "gnu++14";
				CLANG_CXX_LIBRARY = "libc++";
				CLANG_ENABLE_MODULES = YES;
				CLANG_ENABLE_OBJC_ARC = YES;
				CLANG_ENABLE_OBJC_WEAK = YES;
				CLANG_WARN_BLOCK_CAPTURE_AUTORELEASING = YES;
				CLANG_WARN_BOOL_CONVERSION = YES;
				CLANG_WARN_COMMA = YES;
				CLANG_WARN_CONSTANT_CONVERSION = YES;
				CLANG_WARN_DEPRECATED_OBJC_IMPLEMENTATIONS = YES;
				CLANG_WARN_DIRECT_OBJC_ISA_USAGE = YES_ERROR;
				CLANG_WARN_DOCUMENTATION_COMMENTS = YES;
				CLANG_WARN_EMPTY_BODY = YES;
				CLANG_WARN_ENUM_CONVERSION = YES;
				CLANG_WARN_INFINITE_RECURSION = YES;
				CLANG_WARN_INT_CONVERSION = YES;
				CLANG_WARN_NON_LITERAL_NULL_CONVERSION = YES;
				CLANG_WARN_OBJC_IMPLICIT_RETAIN_SELF = YES;
				CLANG_WARN_OBJC_LITERAL_CONVERSION = YES;
				CLANG_WARN_OBJC_ROOT_CLASS = YES_ERROR;
				CLANG_WARN_RANGE_LOOP_ANALYSIS = YES;
				CLANG_WARN_STRICT_PROTOTYPES = YES;
				CLANG_WARN_SUSPICIOUS_MOVE = YES;
				CLANG_WARN_UNGUARDED_AVAILABILITY = YES_AGGRESSIVE;
				CLANG_WARN_UNREACHABLE_CODE = YES;
				CLANG_WARN__DUPLICATE_METHOD_MATCH = YES;
				COPY_PHASE_STRIP = NO;
				DEBUG_INFORMATION_FORMAT = "dwarf-with-dsym";
				ENABLE_NS_ASSERTIONS = NO;
				ENABLE_STRICT_OBJC_MSGSEND = YES;
				GCC_C_LANGUAGE_STANDARD = gnu11;
				GCC_NO_COMMON_BLOCKS = YES;
				GCC_WARN_64_TO_32_BIT_CONVERSION = YES;
				GCC_WARN_ABOUT_RETURN_TYPE = YES_ERROR;
				GCC_WARN_UNDECLARED_SELECTOR = YES;
				GCC_WARN_UNINITIALIZED_AUTOS = YES_AGGRESSIVE;
				GCC_WARN_UNUSED_FUNCTION = YES;
				GCC_WARN_UNUSED_VARIABLE = YES;
				IPHONEOS_DEPLOYMENT_TARGET = 13.2;
				MTL_ENABLE_DEBUG_INFO = NO;
				MTL_FAST_MATH = YES;
				SDKROOT = iphoneos;
				SWIFT_COMPILATION_MODE = wholemodule;
				SWIFT_OPTIMIZATION_LEVEL = "-O";
				VALIDATE_PRODUCT = YES;
			};
			name = Release;
		};
		228D182E24AB0AC2002AF486 /* Debug */ = {
			isa = XCBuildConfiguration;
			buildSettings = {
				ASSETCATALOG_COMPILER_APPICON_NAME = AppIcon;
				CODE_SIGN_STYLE = Automatic;
				DEVELOPMENT_ASSET_PATHS = "\"SwiftUI5/Preview Content\"";
				DEVELOPMENT_TEAM = 6Q233F3ZPX;
				ENABLE_PREVIEWS = YES;
				INFOPLIST_FILE = SwiftUI5/Info.plist;
				LD_RUNPATH_SEARCH_PATHS = (
					"$(inherited)",
					"@executable_path/Frameworks",
				);
				PRODUCT_BUNDLE_IDENTIFIER = com.app.SwiftUI5;
				PRODUCT_NAME = "$(TARGET_NAME)";
				SWIFT_VERSION = 5.0;
				TARGETED_DEVICE_FAMILY = "1,2";
			};
			name = Debug;
		};
		228D182F24AB0AC2002AF486 /* Release */ = {
			isa = XCBuildConfiguration;
			buildSettings = {
				ASSETCATALOG_COMPILER_APPICON_NAME = AppIcon;
				CODE_SIGN_STYLE = Automatic;
				DEVELOPMENT_ASSET_PATHS = "\"SwiftUI5/Preview Content\"";
				DEVELOPMENT_TEAM = 6Q233F3ZPX;
				ENABLE_PREVIEWS = YES;
				INFOPLIST_FILE = SwiftUI5/Info.plist;
				LD_RUNPATH_SEARCH_PATHS = (
					"$(inherited)",
					"@executable_path/Frameworks",
				);
				PRODUCT_BUNDLE_IDENTIFIER = com.app.SwiftUI5;
				PRODUCT_NAME = "$(TARGET_NAME)";
				SWIFT_VERSION = 5.0;
				TARGETED_DEVICE_FAMILY = "1,2";
			};
			name = Release;
		};
/* End XCBuildConfiguration section */

/* Begin XCConfigurationList section */
		228D181424AB0ABB002AF486 /* Build configuration list for PBXProject "SwiftUI5" */ = {
			isa = XCConfigurationList;
			buildConfigurations = (
				228D182B24AB0AC2002AF486 /* Debug */,
				228D182C24AB0AC2002AF486 /* Release */,
			);
			defaultConfigurationIsVisible = 0;
			defaultConfigurationName = Release;
		};
		228D182D24AB0AC2002AF486 /* Build configuration list for PBXNativeTarget "SwiftUI5" */ = {
			isa = XCConfigurationList;
			buildConfigurations = (
				228D182E24AB0AC2002AF486 /* Debug */,
				228D182F24AB0AC2002AF486 /* Release */,
			);
			defaultConfigurationIsVisible = 0;
			defaultConfigurationName = Release;
		};
/* End XCConfigurationList section */
	};
	rootObject = 228D181124AB0ABB002AF486 /* Project object */;
}
